
Microsoft Visual Studio Solution File, Format Version 12.00
# Visual Studio 15
VisualStudioVersion = 15.0.26730.10
MinimumVisualStudioVersion = 10.0.40219.1
Project("{2150E333-8FDC-42A3-9474-1A3956D46DE8}") = "Tests", "Tests", "{8554582B-0FEB-40BB-B614-4214F2568CA5}"
EndProject
Project("{2150E333-8FDC-42A3-9474-1A3956D46DE8}") = "Api", "Api", "{040E4F97-0099-4236-AC8A-249B4A55F748}"
EndProject
Project("{2150E333-8FDC-42A3-9474-1A3956D46DE8}") = "Core", "Core", "{59267E3D-0BF2-41EE-8926-5D1C6E6FD8BB}"
EndProject
Project("{9A19103F-16F7-4668-BE54-9A1E7A4F7556}") = "Countdown.Api.Services", "Api\Countdown.Api.Services\Countdown.Api.Services.csproj", "{9F406492-A9D0-4A5D-AC45-B5F6B397506A}"
EndProject
Project("{9A19103F-16F7-4668-BE54-9A1E7A4F7556}") = "Countdown.Api", "Api\Countdown.Api\Countdown.Api.csproj", "{B1AADB76-C51A-4E96-810B-1DA5D12E2CD8}"
EndProject
Project("{9A19103F-16F7-4668-BE54-9A1E7A4F7556}") = "Countdown.Core.Numbers", "Core\Countdown.Numbers\Countdown.Core.Numbers.csproj", "{96040C11-116E-464A-A971-E9B851DF64AC}"
EndProject
Project("{9A19103F-16F7-4668-BE54-9A1E7A4F7556}") = "Countdown.Core.Letters", "Core\Countdown.Letters\Countdown.Core.Letters.csproj", "{46FEEB99-28D8-4304-AF93-14D5DD507898}"
EndProject
Project("{9A19103F-16F7-4668-BE54-9A1E7A4F7556}") = "Countdown.Core.Dtos", "Core\Countdown.Dtos\Countdown.Core.Dtos.csproj", "{B2CED40C-69F1-425D-960B-AC62CB1CAF08}"
EndProject
Project("{9A19103F-16F7-4668-BE54-9A1E7A4F7556}") = "ConsoleApp1", "ConsoleApp\ConsoleApp1.csproj", "{FE97CAAA-9BE5-4A79-8C47-58EAAE7F9560}"
EndProject
Project("{9A19103F-16F7-4668-BE54-9A1E7A4F7556}") = "Countdown.Tests.Numbers.Unit", "Tests\Numbers\Countdown.Tests.Numbers.Unit.csproj", "{656E7ADC-B33F-4914-A1D9-AA6C8EB345A0}"
EndProject
Project("{9A19103F-16F7-4668-BE54-9A1E7A4F7556}") = "Countdown.Tests.Letters.Unit", "Tests\Letters\Countdown.Tests.Letters.Unit.csproj", "{21B2B14D-85E9-4680-AA96-B4AEDFB1F383}"
EndProject
Project("{9A19103F-16F7-4668-BE54-9A1E7A4F7556}") = "Countdown.Tests.Api.Unit", "Tests\Api\Countdown.Tests.Api.Unit.csproj", "{B692802B-5F4F-4756-B0B1-06CB15B7125C}"
EndProject
Global
	GlobalSection(SolutionConfigurationPlatforms) = preSolution
		Debug|Any CPU = Debug|Any CPU
		Release|Any CPU = Release|Any CPU
	EndGlobalSection
	GlobalSection(ProjectConfigurationPlatforms) = postSolution
		{9F406492-A9D0-4A5D-AC45-B5F6B397506A}.Debug|Any CPU.ActiveCfg = Debug|Any CPU
		{9F406492-A9D0-4A5D-AC45-B5F6B397506A}.Debug|Any CPU.Build.0 = Debug|Any CPU
		{9F406492-A9D0-4A5D-AC45-B5F6B397506A}.Release|Any CPU.ActiveCfg = Release|Any CPU
		{9F406492-A9D0-4A5D-AC45-B5F6B397506A}.Release|Any CPU.Build.0 = Release|Any CPU
		{B1AADB76-C51A-4E96-810B-1DA5D12E2CD8}.Debug|Any CPU.ActiveCfg = Debug|Any CPU
		{B1AADB76-C51A-4E96-810B-1DA5D12E2CD8}.Debug|Any CPU.Build.0 = Debug|Any CPU
		{B1AADB76-C51A-4E96-810B-1DA5D12E2CD8}.Release|Any CPU.ActiveCfg = Release|Any CPU
		{B1AADB76-C51A-4E96-810B-1DA5D12E2CD8}.Release|Any CPU.Build.0 = Release|Any CPU
		{96040C11-116E-464A-A971-E9B851DF64AC}.Debug|Any CPU.ActiveCfg = Debug|Any CPU
		{96040C11-116E-464A-A971-E9B851DF64AC}.Debug|Any CPU.Build.0 = Debug|Any CPU
		{96040C11-116E-464A-A971-E9B851DF64AC}.Release|Any CPU.ActiveCfg = Release|Any CPU
		{96040C11-116E-464A-A971-E9B851DF64AC}.Release|Any CPU.Build.0 = Release|Any CPU
		{46FEEB99-28D8-4304-AF93-14D5DD507898}.Debug|Any CPU.ActiveCfg = Debug|Any CPU
		{46FEEB99-28D8-4304-AF93-14D5DD507898}.Debug|Any CPU.Build.0 = Debug|Any CPU
		{46FEEB99-28D8-4304-AF93-14D5DD507898}.Release|Any CPU.ActiveCfg = Release|Any CPU
		{46FEEB99-28D8-4304-AF93-14D5DD507898}.Release|Any CPU.Build.0 = Release|Any CPU
		{B2CED40C-69F1-425D-960B-AC62CB1CAF08}.Debug|Any CPU.ActiveCfg = Debug|Any CPU
		{B2CED40C-69F1-425D-960B-AC62CB1CAF08}.Debug|Any CPU.Build.0 = Debug|Any CPU
		{B2CED40C-69F1-425D-960B-AC62CB1CAF08}.Release|Any CPU.ActiveCfg = Release|Any CPU
		{B2CED40C-69F1-425D-960B-AC62CB1CAF08}.Release|Any CPU.Build.0 = Release|Any CPU
		{FE97CAAA-9BE5-4A79-8C47-58EAAE7F9560}.Debug|Any CPU.ActiveCfg = Debug|Any CPU
		{FE97CAAA-9BE5-4A79-8C47-58EAAE7F9560}.Debug|Any CPU.Build.0 = Debug|Any CPU
		{FE97CAAA-9BE5-4A79-8C47-58EAAE7F9560}.Release|Any CPU.ActiveCfg = Release|Any CPU
		{FE97CAAA-9BE5-4A79-8C47-58EAAE7F9560}.Release|Any CPU.Build.0 = Release|Any CPU
		{656E7ADC-B33F-4914-A1D9-AA6C8EB345A0}.Debug|Any CPU.ActiveCfg = Debug|Any CPU
		{656E7ADC-B33F-4914-A1D9-AA6C8EB345A0}.Debug|Any CPU.Build.0 = Debug|Any CPU
		{656E7ADC-B33F-4914-A1D9-AA6C8EB345A0}.Release|Any CPU.ActiveCfg = Release|Any CPU
		{656E7ADC-B33F-4914-A1D9-AA6C8EB345A0}.Release|Any CPU.Build.0 = Release|Any CPU
		{21B2B14D-85E9-4680-AA96-B4AEDFB1F383}.Debug|Any CPU.ActiveCfg = Debug|Any CPU
		{21B2B14D-85E9-4680-AA96-B4AEDFB1F383}.Debug|Any CPU.Build.0 = Debug|Any CPU
		{21B2B14D-85E9-4680-AA96-B4AEDFB1F383}.Release|Any CPU.ActiveCfg = Release|Any CPU
		{21B2B14D-85E9-4680-AA96-B4AEDFB1F383}.Release|Any CPU.Build.0 = Release|Any CPU
		{B692802B-5F4F-4756-B0B1-06CB15B7125C}.Debug|Any CPU.ActiveCfg = Debug|Any CPU
		{B692802B-5F4F-4756-B0B1-06CB15B7125C}.Debug|Any CPU.Build.0 = Debug|Any CPU
		{B692802B-5F4F-4756-B0B1-06CB15B7125C}.Release|Any CPU.ActiveCfg = Release|Any CPU
		{B692802B-5F4F-4756-B0B1-06CB15B7125C}.Release|Any CPU.Build.0 = Release|Any CPU
	EndGlobalSection
	GlobalSection(SolutionProperties) = preSolution
		HideSolutionNode = FALSE
	EndGlobalSection
	GlobalSection(NestedProjects) = preSolution
		{9F406492-A9D0-4A5D-AC45-B5F6B397506A} = {040E4F97-0099-4236-AC8A-249B4A55F748}
		{B1AADB76-C51A-4E96-810B-1DA5D12E2CD8} = {040E4F97-0099-4236-AC8A-249B4A55F748}
		{96040C11-116E-464A-A971-E9B851DF64AC} = {59267E3D-0BF2-41EE-8926-5D1C6E6FD8BB}
		{46FEEB99-28D8-4304-AF93-14D5DD507898} = {59267E3D-0BF2-41EE-8926-5D1C6E6FD8BB}
		{B2CED40C-69F1-425D-960B-AC62CB1CAF08} = {59267E3D-0BF2-41EE-8926-5D1C6E6FD8BB}
		{656E7ADC-B33F-4914-A1D9-AA6C8EB345A0} = {8554582B-0FEB-40BB-B614-4214F2568CA5}
		{21B2B14D-85E9-4680-AA96-B4AEDFB1F383} = {8554582B-0FEB-40BB-B614-4214F2568CA5}
		{B692802B-5F4F-4756-B0B1-06CB15B7125C} = {8554582B-0FEB-40BB-B614-4214F2568CA5}
	EndGlobalSection
	GlobalSection(ExtensibilityGlobals) = postSolution
		SolutionGuid = {38942AB7-F723-43D7-8477-1C83BC9C48D5}
	EndGlobalSection
EndGlobal
