
Microsoft Visual Studio Solution File, Format Version 12.00
# Visual Studio 15
VisualStudioVersion = 15.0.26730.10
MinimumVisualStudioVersion = 10.0.40219.1
Project("{9A19103F-16F7-4668-BE54-9A1E7A4F7556}") = "Countdown.Numbers", "Countdown.Numbers\Countdown.Numbers.csproj", "{32E6144B-6DF5-45AB-BE7B-F84C70AA50F1}"
EndProject
Project("{9A19103F-16F7-4668-BE54-9A1E7A4F7556}") = "Countdown.Letters", "Countdown.Letters\Countdown.Letters.csproj", "{2793B339-4E42-4DA4-AE97-E3D7C939CF4C}"
EndProject
Project("{9A19103F-16F7-4668-BE54-9A1E7A4F7556}") = "ConsoleApp1", "ConsoleApp1\ConsoleApp1.csproj", "{52D427C2-EC91-45D2-9D46-9E943E8246E3}"
EndProject
Project("{2150E333-8FDC-42A3-9474-1A3956D46DE8}") = "Tests", "Tests", "{B173AB5D-3E35-45F2-9E8B-377931A888FD}"
EndProject
Project("{9A19103F-16F7-4668-BE54-9A1E7A4F7556}") = "Countdown.Numbers.Tests.Unit", "Countdown.Numbers.Tests.Unit\Countdown.Numbers.Tests.Unit.csproj", "{B2489953-92CD-4A22-BE70-B10925E95A4B}"
EndProject
Project("{2150E333-8FDC-42A3-9474-1A3956D46DE8}") = "Api", "Api", "{368A0D96-B5CF-49EB-8033-39BB8075A69C}"
EndProject
Project("{9A19103F-16F7-4668-BE54-9A1E7A4F7556}") = "Countdown.Api.Services", "Countdown.Api.Services\Countdown.Api.Services.csproj", "{871F25F8-3EC0-4B9E-A118-B9ACEE063262}"
EndProject
Project("{9A19103F-16F7-4668-BE54-9A1E7A4F7556}") = "Countdown.Dtos", "Countdown.Dtos\Countdown.Dtos.csproj", "{AA5B225E-4A8C-4583-9C8F-F31C92D84B23}"
EndProject
Project("{9A19103F-16F7-4668-BE54-9A1E7A4F7556}") = "Countdown.Letters.Tests.Unit", "Countdown.Letters.Tests.Unit\Countdown.Letters.Tests.Unit.csproj", "{A66F8B9E-9892-4FF4-8BB8-47A138C7E49E}"
EndProject
Project("{9A19103F-16F7-4668-BE54-9A1E7A4F7556}") = "Countdown.Api", "Countdown.Api\Countdown.Api.csproj", "{53086FAC-3DF0-47D0-A95A-8740F9AC610D}"
EndProject
Project("{9A19103F-16F7-4668-BE54-9A1E7A4F7556}") = "Countdown.Api.Tests.Unit", "Countdown.Api.Tests.Unit\Countdown.Api.Tests.Unit.csproj", "{B040CE21-42C1-4795-A8CF-DF5E12FC3632}"
EndProject
Global
	GlobalSection(SolutionConfigurationPlatforms) = preSolution
		Debug|Any CPU = Debug|Any CPU
		Release|Any CPU = Release|Any CPU
	EndGlobalSection
	GlobalSection(ProjectConfigurationPlatforms) = postSolution
		{32E6144B-6DF5-45AB-BE7B-F84C70AA50F1}.Debug|Any CPU.ActiveCfg = Debug|Any CPU
		{32E6144B-6DF5-45AB-BE7B-F84C70AA50F1}.Debug|Any CPU.Build.0 = Debug|Any CPU
		{32E6144B-6DF5-45AB-BE7B-F84C70AA50F1}.Release|Any CPU.ActiveCfg = Release|Any CPU
		{32E6144B-6DF5-45AB-BE7B-F84C70AA50F1}.Release|Any CPU.Build.0 = Release|Any CPU
		{2793B339-4E42-4DA4-AE97-E3D7C939CF4C}.Debug|Any CPU.ActiveCfg = Debug|Any CPU
		{2793B339-4E42-4DA4-AE97-E3D7C939CF4C}.Debug|Any CPU.Build.0 = Debug|Any CPU
		{2793B339-4E42-4DA4-AE97-E3D7C939CF4C}.Release|Any CPU.ActiveCfg = Release|Any CPU
		{2793B339-4E42-4DA4-AE97-E3D7C939CF4C}.Release|Any CPU.Build.0 = Release|Any CPU
		{52D427C2-EC91-45D2-9D46-9E943E8246E3}.Debug|Any CPU.ActiveCfg = Debug|Any CPU
		{52D427C2-EC91-45D2-9D46-9E943E8246E3}.Debug|Any CPU.Build.0 = Debug|Any CPU
		{52D427C2-EC91-45D2-9D46-9E943E8246E3}.Release|Any CPU.ActiveCfg = Release|Any CPU
		{52D427C2-EC91-45D2-9D46-9E943E8246E3}.Release|Any CPU.Build.0 = Release|Any CPU
		{B2489953-92CD-4A22-BE70-B10925E95A4B}.Debug|Any CPU.ActiveCfg = Debug|Any CPU
		{B2489953-92CD-4A22-BE70-B10925E95A4B}.Debug|Any CPU.Build.0 = Debug|Any CPU
		{B2489953-92CD-4A22-BE70-B10925E95A4B}.Release|Any CPU.ActiveCfg = Release|Any CPU
		{B2489953-92CD-4A22-BE70-B10925E95A4B}.Release|Any CPU.Build.0 = Release|Any CPU
		{871F25F8-3EC0-4B9E-A118-B9ACEE063262}.Debug|Any CPU.ActiveCfg = Debug|Any CPU
		{871F25F8-3EC0-4B9E-A118-B9ACEE063262}.Debug|Any CPU.Build.0 = Debug|Any CPU
		{871F25F8-3EC0-4B9E-A118-B9ACEE063262}.Release|Any CPU.ActiveCfg = Release|Any CPU
		{871F25F8-3EC0-4B9E-A118-B9ACEE063262}.Release|Any CPU.Build.0 = Release|Any CPU
		{AA5B225E-4A8C-4583-9C8F-F31C92D84B23}.Debug|Any CPU.ActiveCfg = Debug|Any CPU
		{AA5B225E-4A8C-4583-9C8F-F31C92D84B23}.Debug|Any CPU.Build.0 = Debug|Any CPU
		{AA5B225E-4A8C-4583-9C8F-F31C92D84B23}.Release|Any CPU.ActiveCfg = Release|Any CPU
		{AA5B225E-4A8C-4583-9C8F-F31C92D84B23}.Release|Any CPU.Build.0 = Release|Any CPU
		{A66F8B9E-9892-4FF4-8BB8-47A138C7E49E}.Debug|Any CPU.ActiveCfg = Debug|Any CPU
		{A66F8B9E-9892-4FF4-8BB8-47A138C7E49E}.Debug|Any CPU.Build.0 = Debug|Any CPU
		{A66F8B9E-9892-4FF4-8BB8-47A138C7E49E}.Release|Any CPU.ActiveCfg = Release|Any CPU
		{A66F8B9E-9892-4FF4-8BB8-47A138C7E49E}.Release|Any CPU.Build.0 = Release|Any CPU
		{53086FAC-3DF0-47D0-A95A-8740F9AC610D}.Debug|Any CPU.ActiveCfg = Debug|Any CPU
		{53086FAC-3DF0-47D0-A95A-8740F9AC610D}.Debug|Any CPU.Build.0 = Debug|Any CPU
		{53086FAC-3DF0-47D0-A95A-8740F9AC610D}.Release|Any CPU.ActiveCfg = Release|Any CPU
		{53086FAC-3DF0-47D0-A95A-8740F9AC610D}.Release|Any CPU.Build.0 = Release|Any CPU
		{B040CE21-42C1-4795-A8CF-DF5E12FC3632}.Debug|Any CPU.ActiveCfg = Debug|Any CPU
		{B040CE21-42C1-4795-A8CF-DF5E12FC3632}.Debug|Any CPU.Build.0 = Debug|Any CPU
		{B040CE21-42C1-4795-A8CF-DF5E12FC3632}.Release|Any CPU.ActiveCfg = Release|Any CPU
		{B040CE21-42C1-4795-A8CF-DF5E12FC3632}.Release|Any CPU.Build.0 = Release|Any CPU
	EndGlobalSection
	GlobalSection(SolutionProperties) = preSolution
		HideSolutionNode = FALSE
	EndGlobalSection
	GlobalSection(NestedProjects) = preSolution
		{B2489953-92CD-4A22-BE70-B10925E95A4B} = {B173AB5D-3E35-45F2-9E8B-377931A888FD}
		{871F25F8-3EC0-4B9E-A118-B9ACEE063262} = {368A0D96-B5CF-49EB-8033-39BB8075A69C}
		{A66F8B9E-9892-4FF4-8BB8-47A138C7E49E} = {B173AB5D-3E35-45F2-9E8B-377931A888FD}
		{53086FAC-3DF0-47D0-A95A-8740F9AC610D} = {368A0D96-B5CF-49EB-8033-39BB8075A69C}
		{B040CE21-42C1-4795-A8CF-DF5E12FC3632} = {B173AB5D-3E35-45F2-9E8B-377931A888FD}
	EndGlobalSection
	GlobalSection(ExtensibilityGlobals) = postSolution
		SolutionGuid = {38942AB7-F723-43D7-8477-1C83BC9C48D5}
	EndGlobalSection
EndGlobal
